<?xml version="1.0" encoding="utf-8"?>
<Project ToolsVersion="4.0" xmlns="http://schemas.microsoft.com/developer/msbuild/2003">
  <ItemGroup>
    <Filter Include="ソース ファイル">
      <UniqueIdentifier>{4FC737F1-C7A5-4376-A066-2A32D752A2FF}</UniqueIdentifier>
      <Extensions>cpp;c;cc;cxx;c++;cppm;ixx;def;odl;idl;hpj;bat;asm;asmx</Extensions>
    </Filter>
    <Filter Include="ヘッダー ファイル">
      <UniqueIdentifier>{93995380-89BD-4b04-88EB-625FBE52EBFB}</UniqueIdentifier>
      <Extensions>h;hh;hpp;hxx;h++;hm;inl;inc;ipp;xsd</Extensions>
    </Filter>
    <Filter Include="リソース ファイル">
      <UniqueIdentifier>{67DA6AB6-F800-4c08-8B7A-83BB121AAD01}</UniqueIdentifier>
      <Extensions>rc;ico;cur;bmp;dlg;rc2;rct;bin;rgs;gif;jpg;jpeg;jpe;resx;tiff;tif;png;wav;mfcribbon-ms</Extensions>
    </Filter>
    <Filter Include="Player">
      <UniqueIdentifier>{6132d836-eda7-4ebb-b61b-06585ee641b0}</UniqueIdentifier>
    </Filter>
    <Filter Include="Mole">
      <UniqueIdentifier>{f0041e9b-5bc8-485c-9f99-e9141d7d8ca5}</UniqueIdentifier>
    </Filter>
    <Filter Include="Camera">
      <UniqueIdentifier>{2780da7e-75fe-4458-bfeb-e7499ede6821}</UniqueIdentifier>
    </Filter>
    <Filter Include="ResultScene">
      <UniqueIdentifier>{3ef729f4-1caa-407a-a187-1faa1847ec45}</UniqueIdentifier>
    </Filter>
    <Filter Include="TitleScene">
      <UniqueIdentifier>{a75d6429-504c-4447-b000-c6d758296a8f}</UniqueIdentifier>
    </Filter>
    <Filter Include="GameScene">
      <UniqueIdentifier>{81928205-897a-4086-a1c5-16a4cbc8bbaa}</UniqueIdentifier>
    </Filter>
  </ItemGroup>
  <ItemGroup>
    <ClCompile Include="Main.cpp">
      <Filter>ソース ファイル</Filter>
    </ClCompile>
    <ClCompile Include="Mole.cpp">
      <Filter>Mole</Filter>
    </ClCompile>
    <ClCompile Include="Player.cpp">
      <Filter>Player</Filter>
    </ClCompile>
    <ClCompile Include="Camera.cpp">
      <Filter>Camera</Filter>
    </ClCompile>
    <ClCompile Include="ResultScene.cpp">
      <Filter>ResultScene</Filter>
    </ClCompile>
    <ClCompile Include="GameScene.cpp">
      <Filter>GameScene</Filter>
    </ClCompile>
    <ClCompile Include="TitleScene.cpp">
      <Filter>TitleScene</Filter>
    </ClCompile>
  </ItemGroup>
  <ItemGroup>
    <ClInclude Include="Constants.h">
      <Filter>ヘッダー ファイル</Filter>
    </ClInclude>
    <ClInclude Include="Mole.h">
      <Filter>Mole</Filter>
    </ClInclude>
    <ClInclude Include="Player.h">
      <Filter>Player</Filter>
    </ClInclude>
    <ClInclude Include="Camera.h">
      <Filter>Camera</Filter>
    </ClInclude>
    <ClInclude Include="GameScene.h">
      <Filter>GameScene</Filter>
    </ClInclude>
    <ClInclude Include="ResultScene.h">
      <Filter>ResultScene</Filter>
    </ClInclude>
    <ClInclude Include="TitleScene.h">
      <Filter>TitleScene</Filter>
    </ClInclude>
  </ItemGroup>
</Project>