<?xml version="1.0" encoding="utf-8"?>
<Project ToolsVersion="4.0" xmlns="http://schemas.microsoft.com/developer/msbuild/2003">
  <ItemGroup>
    <Filter Include="ソース ファイル">
      <UniqueIdentifier>{4FC737F1-C7A5-4376-A066-2A32D752A2FF}</UniqueIdentifier>
      <Extensions>cpp;c;cc;cxx;c++;cppm;ixx;def;odl;idl;hpj;bat;asm;asmx</Extensions>
    </Filter>
    <Filter Include="ヘッダー ファイル">
      <UniqueIdentifier>{93995380-89BD-4b04-88EB-625FBE52EBFB}</UniqueIdentifier>
      <Extensions>h;hh;hpp;hxx;h++;hm;inl;inc;ipp;xsd</Extensions>
    </Filter>
    <Filter Include="リソース ファイル">
      <UniqueIdentifier>{67DA6AB6-F800-4c08-8B7A-83BB121AAD01}</UniqueIdentifier>
      <Extensions>rc;ico;cur;bmp;dlg;rc2;rct;bin;rgs;gif;jpg;jpeg;jpe;resx;tiff;tif;png;wav;mfcribbon-ms</Extensions>
    </Filter>
    <Filter Include="オブジェクト">
      <UniqueIdentifier>{a35744f4-4ac2-46a2-a9e1-e44d7bd6f93a}</UniqueIdentifier>
    </Filter>
    <Filter Include="シーン">
      <UniqueIdentifier>{d87776ff-8c99-4c68-8c2a-3d851ec46915}</UniqueIdentifier>
    </Filter>
    <Filter Include="シーン\Result">
      <UniqueIdentifier>{e400a2f1-5fb0-4aa5-9014-bd46a1ac3d47}</UniqueIdentifier>
    </Filter>
    <Filter Include="シーン\Title">
      <UniqueIdentifier>{1e040fac-5815-4ff9-9c0a-b876304ec93c}</UniqueIdentifier>
    </Filter>
    <Filter Include="シーン\Game">
      <UniqueIdentifier>{426f0693-c1c4-4e8e-abb8-0c43c85d8438}</UniqueIdentifier>
    </Filter>
    <Filter Include="オブジェクト\Collision">
      <UniqueIdentifier>{86bd0b00-4335-4c96-b3f2-01f5fab47c17}</UniqueIdentifier>
    </Filter>
    <Filter Include="オブジェクト\Player">
      <UniqueIdentifier>{6132d836-eda7-4ebb-b61b-06585ee641b0}</UniqueIdentifier>
    </Filter>
    <Filter Include="オブジェクト\Mole">
      <UniqueIdentifier>{f0041e9b-5bc8-485c-9f99-e9141d7d8ca5}</UniqueIdentifier>
    </Filter>
    <Filter Include="オブジェクト\Camera">
      <UniqueIdentifier>{2780da7e-75fe-4458-bfeb-e7499ede6821}</UniqueIdentifier>
    </Filter>
    <Filter Include="オブジェクト\Stage">
      <UniqueIdentifier>{2c977ae0-0fb9-439a-9737-75680a40880a}</UniqueIdentifier>
    </Filter>
  </ItemGroup>
  <ItemGroup>
    <ClCompile Include="Main.cpp">
      <Filter>ソース ファイル</Filter>
    </ClCompile>
    <ClCompile Include="Mole.cpp">
      <Filter>オブジェクト\Mole</Filter>
    </ClCompile>
    <ClCompile Include="Player.cpp">
      <Filter>オブジェクト\Player</Filter>
    </ClCompile>
    <ClCompile Include="Camera.cpp">
      <Filter>オブジェクト\Camera</Filter>
    </ClCompile>
    <ClCompile Include="Game.cpp">
      <Filter>シーン\Game</Filter>
    </ClCompile>
    <ClCompile Include="Title.cpp">
      <Filter>シーン\Title</Filter>
    </ClCompile>
    <ClCompile Include="Result.cpp">
      <Filter>シーン\Result</Filter>
    </ClCompile>
    <ClCompile Include="Collision.cpp">
      <Filter>オブジェクト\Collision</Filter>
    </ClCompile>
    <ClCompile Include="Stage.cpp">
      <Filter>オブジェクト\Stage</Filter>
    </ClCompile>
  </ItemGroup>
  <ItemGroup>
    <ClInclude Include="Constants.h">
      <Filter>ヘッダー ファイル</Filter>
    </ClInclude>
    <ClInclude Include="Mole.h">
      <Filter>オブジェクト\Mole</Filter>
    </ClInclude>
    <ClInclude Include="Player.h">
      <Filter>オブジェクト\Player</Filter>
    </ClInclude>
    <ClInclude Include="Camera.h">
      <Filter>オブジェクト\Camera</Filter>
    </ClInclude>
    <ClInclude Include="Game.h">
      <Filter>シーン\Game</Filter>
    </ClInclude>
    <ClInclude Include="Title.h">
      <Filter>シーン\Title</Filter>
    </ClInclude>
    <ClInclude Include="Result.h">
      <Filter>シーン\Result</Filter>
    </ClInclude>
    <ClInclude Include="Collision.h">
      <Filter>オブジェクト\Collision</Filter>
    </ClInclude>
    <ClInclude Include="Stage.h">
      <Filter>オブジェクト\Stage</Filter>
    </ClInclude>
  </ItemGroup>
</Project>